speakeasyVersion: 1.800.1
sources:
    Analyze-API-MCP-OAS:
        sourceNamespace: analyze-api-mcp-oas
        sourceRevisionDigest: sha256:a372a7e3e116580cf9e6a62a8c3ef136807a938abb3b4365c4826921fc63a0b3
        sourceBlobDigest: sha256:dd00d1d9e040b0f8c2f8235d14233765ada31e6fd02d4e9c36886434afef920a
        tags:
            - latest
            - 0.2.0
targets:
    cloudinary-analysis-mcp:
        source: Analyze-API-MCP-OAS
        sourceNamespace: analyze-api-mcp-oas
        sourceRevisionDigest: sha256:a372a7e3e116580cf9e6a62a8c3ef136807a938abb3b4365c4826921fc63a0b3
        sourceBlobDigest: sha256:dd00d1d9e040b0f8c2f8235d14233765ada31e6fd02d4e9c36886434afef920a
workflow:
    workflowVersion: 1.0.0
    speakeasyVersion: latest
    sources:
        Analyze-API-MCP-OAS:
            inputs:
                - location: https://cloudinary.github.io/api-schemas/analysis/schema.yml
            overlays:
                - location: https://cloudinary.github.io/api-schemas/overlays/security-scheme-cloud-overlay.yaml
                - location: https://cloudinary.github.io/api-schemas/overlays/remove-mcp-description.yml
                - location: https://cloudinary.github.io/api-schemas/analysis/overlays/modifications-overlay.yaml
                - location: https://cloudinary.github.io/api-schemas/analysis/overlays/name-modifications-overlay.yaml
                - location: https://cloudinary.github.io/api-schemas/analysis/overlays/source-modifications-overlay.yaml
            registry:
                location: registry.speakeasyapi.dev/cloudinary/cloudinary/analyze-api-mcp-oas
    targets:
        cloudinary-analysis-mcp:
            target: mcp-typescript
            source: Analyze-API-MCP-OAS
            publish:
                npm:
                    token: $npm_token
